Microsoft Visual Studio Solution File, Format Version 11.00
# Visual Studio 2008

Project("{07810044-9221-5DEF-B019-7C62736252D8}") = "Scarlet-Devil-Game-master", "Assembly-CSharp.csproj", "{D9B10ACE-EF62-6346-CD3C-F259FBC4AA63}"
EndProject
Global
	GlobalSection(SolutionConfigurationPlatforms) = preSolution
		Debug|Any CPU = Debug|Any CPU
		Release|Any CPU = Release|Any CPU
	EndGlobalSection
	GlobalSection(ProjectConfigurationPlatforms) = postSolution
		{D9B10ACE-EF62-6346-CD3C-F259FBC4AA63}.Debug|Any CPU.ActiveCfg = Debug|Any CPU
		{D9B10ACE-EF62-6346-CD3C-F259FBC4AA63}.Debug|Any CPU.Build.0 = Debug|Any CPU
		{D9B10ACE-EF62-6346-CD3C-F259FBC4AA63}.Release|Any CPU.ActiveCfg = Release|Any CPU
		{D9B10ACE-EF62-6346-CD3C-F259FBC4AA63}.Release|Any CPU.Build.0 = Release|Any CPU
	EndGlobalSection
	GlobalSection(SolutionProperties) = preSolution
		HideSolutionNode = FALSE
	EndGlobalSection
	GlobalSection(MonoDevelopProperties) = preSolution
		StartupItem = Assembly-CSharp.csproj
	EndGlobalSection
EndGlobal
